
Microsoft Visual Studio Solution File, Format Version 12.00
# Visual Studio 15
VisualStudioVersion = 15.0.26730.16
MinimumVisualStudioVersion = 10.0.40219.1
Project("{FAE04EC0-301F-11D3-BF4B-00C04F79EFBC}") = "MedtronicRestApi", "MedtronicRestApi\MedtronicRestApi.csproj", "{7547549C-10DB-457C-A08F-B55FD1C5F2D8}"
EndProject
Global
	GlobalSection(SolutionConfigurationPlatforms) = preSolution
		Debug|Any CPU = Debug|Any CPU
		Release|Any CPU = Release|Any CPU
	EndGlobalSection
	GlobalSection(ProjectConfigurationPlatforms) = postSolution
		{7547549C-10DB-457C-A08F-B55FD1C5F2D8}.Debug|Any CPU.ActiveCfg = Debug|Any CPU
		{7547549C-10DB-457C-A08F-B55FD1C5F2D8}.Debug|Any CPU.Build.0 = Debug|Any CPU
		{7547549C-10DB-457C-A08F-B55FD1C5F2D8}.Release|Any CPU.ActiveCfg = Release|Any CPU
		{7547549C-10DB-457C-A08F-B55FD1C5F2D8}.Release|Any CPU.Build.0 = Release|Any CPU
	EndGlobalSection
	GlobalSection(SolutionProperties) = preSolution
		HideSolutionNode = FALSE
	EndGlobalSection
	GlobalSection(ExtensibilityGlobals) = postSolution
		SolutionGuid = {F4FB17A7-58E0-4714-8F14-4B9529281BC6}
	EndGlobalSection
EndGlobal
